
Microsoft Visual Studio Solution File, Format Version 12.00
# Visual Studio 15
VisualStudioVersion = 15.0.27703.2000
MinimumVisualStudioVersion = 10.0.40219.1
Project("{FAE04EC0-301F-11D3-BF4B-00C04F79EFBC}") = "AppPushTest4.Android", "AppPushTest4\AppPushTest4.Android\AppPushTest4.Android.csproj", "{964A97D7-A5DF-4596-80BC-510227B86AB5}"
EndProject
Project("{FAE04EC0-301F-11D3-BF4B-00C04F79EFBC}") = "AppPushTest4.iOS", "AppPushTest4\AppPushTest4.iOS\AppPushTest4.iOS.csproj", "{DB3257B8-0E71-4DE3-B9FF-96536C7E9912}"
EndProject
Project("{FAE04EC0-301F-11D3-BF4B-00C04F79EFBC}") = "AppPushTest4", "AppPushTest4\AppPushTest4\AppPushTest4.csproj", "{20E8B921-83E9-4124-BE17-07508F9CCC87}"
EndProject
Global
	GlobalSection(SolutionConfigurationPlatforms) = preSolution
		Ad-Hoc|Any CPU = Ad-Hoc|Any CPU
		Ad-Hoc|iPhone = Ad-Hoc|iPhone
		Ad-Hoc|iPhoneSimulator = Ad-Hoc|iPhoneSimulator
		AppStore|Any CPU = AppStore|Any CPU
		AppStore|iPhone = AppStore|iPhone
		AppStore|iPhoneSimulator = AppStore|iPhoneSimulator
		Debug|Any CPU = Debug|Any CPU
		Debug|iPhone = Debug|iPhone
		Debug|iPhoneSimulator = Debug|iPhoneSimulator
		Release|Any CPU = Release|Any CPU
		Release|iPhone = Release|iPhone
		Release|iPhoneSimulator = Release|iPhoneSimulator
	EndGlobalSection
	GlobalSection(ProjectConfigurationPlatforms) = postSolution
		{964A97D7-A5DF-4596-80BC-510227B86AB5}.Ad-Hoc|Any CPU.ActiveCfg = Release|Any CPU
		{964A97D7-A5DF-4596-80BC-510227B86AB5}.Ad-Hoc|Any CPU.Build.0 = Release|Any CPU
		{964A97D7-A5DF-4596-80BC-510227B86AB5}.Ad-Hoc|Any CPU.Deploy.0 = Release|Any CPU
		{964A97D7-A5DF-4596-80BC-510227B86AB5}.Ad-Hoc|iPhone.ActiveCfg = Release|Any CPU
		{964A97D7-A5DF-4596-80BC-510227B86AB5}.Ad-Hoc|iPhone.Build.0 = Release|Any CPU
		{964A97D7-A5DF-4596-80BC-510227B86AB5}.Ad-Hoc|iPhone.Deploy.0 = Release|Any CPU
		{964A97D7-A5DF-4596-80BC-510227B86AB5}.Ad-Hoc|iPhoneSimulator.ActiveCfg = Release|Any CPU
		{964A97D7-A5DF-4596-80BC-510227B86AB5}.Ad-Hoc|iPhoneSimulator.Build.0 = Release|Any CPU
		{964A97D7-A5DF-4596-80BC-510227B86AB5}.Ad-Hoc|iPhoneSimulator.Deploy.0 = Release|Any CPU
		{964A97D7-A5DF-4596-80BC-510227B86AB5}.AppStore|Any CPU.ActiveCfg = Release|Any CPU
		{964A97D7-A5DF-4596-80BC-510227B86AB5}.AppStore|Any CPU.Build.0 = Release|Any CPU
		{964A97D7-A5DF-4596-80BC-510227B86AB5}.AppStore|Any CPU.Deploy.0 = Release|Any CPU
		{964A97D7-A5DF-4596-80BC-510227B86AB5}.AppStore|iPhone.ActiveCfg = Release|Any CPU
		{964A97D7-A5DF-4596-80BC-510227B86AB5}.AppStore|iPhone.Build.0 = Release|Any CPU
		{964A97D7-A5DF-4596-80BC-510227B86AB5}.AppStore|iPhone.Deploy.0 = Release|Any CPU
		{964A97D7-A5DF-4596-80BC-510227B86AB5}.AppStore|iPhoneSimulator.ActiveCfg = Release|Any CPU
		{964A97D7-A5DF-4596-80BC-510227B86AB5}.AppStore|iPhoneSimulator.Build.0 = Release|Any CPU
		{964A97D7-A5DF-4596-80BC-510227B86AB5}.AppStore|iPhoneSimulator.Deploy.0 = Release|Any CPU
		{964A97D7-A5DF-4596-80BC-510227B86AB5}.Debug|Any CPU.ActiveCfg = Debug|Any CPU
		{964A97D7-A5DF-4596-80BC-510227B86AB5}.Debug|Any CPU.Build.0 = Debug|Any CPU
		{964A97D7-A5DF-4596-80BC-510227B86AB5}.Debug|Any CPU.Deploy.0 = Debug|Any CPU
		{964A97D7-A5DF-4596-80BC-510227B86AB5}.Debug|iPhone.ActiveCfg = Debug|Any CPU
		{964A97D7-A5DF-4596-80BC-510227B86AB5}.Debug|iPhone.Build.0 = Debug|Any CPU
		{964A97D7-A5DF-4596-80BC-510227B86AB5}.Debug|iPhone.Deploy.0 = Debug|Any CPU
		{964A97D7-A5DF-4596-80BC-510227B86AB5}.Debug|iPhoneSimulator.ActiveCfg = Debug|Any CPU
		{964A97D7-A5DF-4596-80BC-510227B86AB5}.Debug|iPhoneSimulator.Build.0 = Debug|Any CPU
		{964A97D7-A5DF-4596-80BC-510227B86AB5}.Debug|iPhoneSimulator.Deploy.0 = Debug|Any CPU
		{964A97D7-A5DF-4596-80BC-510227B86AB5}.Release|Any CPU.ActiveCfg = Release|Any CPU
		{964A97D7-A5DF-4596-80BC-510227B86AB5}.Release|Any CPU.Build.0 = Release|Any CPU
		{964A97D7-A5DF-4596-80BC-510227B86AB5}.Release|Any CPU.Deploy.0 = Release|Any CPU
		{964A97D7-A5DF-4596-80BC-510227B86AB5}.Release|iPhone.ActiveCfg = Release|Any CPU
		{964A97D7-A5DF-4596-80BC-510227B86AB5}.Release|iPhone.Build.0 = Release|Any CPU
		{964A97D7-A5DF-4596-80BC-510227B86AB5}.Release|iPhone.Deploy.0 = Release|Any CPU
		{964A97D7-A5DF-4596-80BC-510227B86AB5}.Release|iPhoneSimulator.ActiveCfg = Release|Any CPU
		{964A97D7-A5DF-4596-80BC-510227B86AB5}.Release|iPhoneSimulator.Build.0 = Release|Any CPU
		{964A97D7-A5DF-4596-80BC-510227B86AB5}.Release|iPhoneSimulator.Deploy.0 = Release|Any CPU
		{DB3257B8-0E71-4DE3-B9FF-96536C7E9912}.Ad-Hoc|Any CPU.ActiveCfg = Ad-Hoc|iPhone
		{DB3257B8-0E71-4DE3-B9FF-96536C7E9912}.Ad-Hoc|Any CPU.Build.0 = Ad-Hoc|iPhone
		{DB3257B8-0E71-4DE3-B9FF-96536C7E9912}.Ad-Hoc|Any CPU.Deploy.0 = Ad-Hoc|iPhone
		{DB3257B8-0E71-4DE3-B9FF-96536C7E9912}.Ad-Hoc|iPhone.ActiveCfg = Ad-Hoc|iPhone
		{DB3257B8-0E71-4DE3-B9FF-96536C7E9912}.Ad-Hoc|iPhone.Build.0 = Ad-Hoc|iPhone
		{DB3257B8-0E71-4DE3-B9FF-96536C7E9912}.Ad-Hoc|iPhone.Deploy.0 = Ad-Hoc|iPhone
		{DB3257B8-0E71-4DE3-B9FF-96536C7E9912}.Ad-Hoc|iPhoneSimulator.ActiveCfg = Ad-Hoc|iPhoneSimulator
		{DB3257B8-0E71-4DE3-B9FF-96536C7E9912}.Ad-Hoc|iPhoneSimulator.Build.0 = Ad-Hoc|iPhoneSimulator
		{DB3257B8-0E71-4DE3-B9FF-96536C7E9912}.Ad-Hoc|iPhoneSimulator.Deploy.0 = Ad-Hoc|iPhoneSimulator
		{DB3257B8-0E71-4DE3-B9FF-96536C7E9912}.AppStore|Any CPU.ActiveCfg = AppStore|iPhone
		{DB3257B8-0E71-4DE3-B9FF-96536C7E9912}.AppStore|Any CPU.Build.0 = AppStore|iPhone
		{DB3257B8-0E71-4DE3-B9FF-96536C7E9912}.AppStore|Any CPU.Deploy.0 = AppStore|iPhone
		{DB3257B8-0E71-4DE3-B9FF-96536C7E9912}.AppStore|iPhone.ActiveCfg = AppStore|iPhone
		{DB3257B8-0E71-4DE3-B9FF-96536C7E9912}.AppStore|iPhone.Build.0 = AppStore|iPhone
		{DB3257B8-0E71-4DE3-B9FF-96536C7E9912}.AppStore|iPhone.Deploy.0 = AppStore|iPhone
		{DB3257B8-0E71-4DE3-B9FF-96536C7E9912}.AppStore|iPhoneSimulator.ActiveCfg = AppStore|iPhoneSimulator
		{DB3257B8-0E71-4DE3-B9FF-96536C7E9912}.AppStore|iPhoneSimulator.Build.0 = AppStore|iPhoneSimulator
		{DB3257B8-0E71-4DE3-B9FF-96536C7E9912}.AppStore|iPhoneSimulator.Deploy.0 = AppStore|iPhoneSimulator
		{DB3257B8-0E71-4DE3-B9FF-96536C7E9912}.Debug|Any CPU.ActiveCfg = Debug|iPhoneSimulator
		{DB3257B8-0E71-4DE3-B9FF-96536C7E9912}.Debug|Any CPU.Build.0 = Debug|iPhoneSimulator
		{DB3257B8-0E71-4DE3-B9FF-96536C7E9912}.Debug|Any CPU.Deploy.0 = Debug|iPhoneSimulator
		{DB3257B8-0E71-4DE3-B9FF-96536C7E9912}.Debug|iPhone.ActiveCfg = Debug|iPhone
		{DB3257B8-0E71-4DE3-B9FF-96536C7E9912}.Debug|iPhone.Build.0 = Debug|iPhone
		{DB3257B8-0E71-4DE3-B9FF-96536C7E9912}.Debug|iPhone.Deploy.0 = Debug|iPhone
		{DB3257B8-0E71-4DE3-B9FF-96536C7E9912}.Debug|iPhoneSimulator.ActiveCfg = Debug|iPhoneSimulator
		{DB3257B8-0E71-4DE3-B9FF-96536C7E9912}.Debug|iPhoneSimulator.Build.0 = Debug|iPhoneSimulator
		{DB3257B8-0E71-4DE3-B9FF-96536C7E9912}.Debug|iPhoneSimulator.Deploy.0 = Debug|iPhoneSimulator
		{DB3257B8-0E71-4DE3-B9FF-96536C7E9912}.Release|Any CPU.ActiveCfg = Release|iPhone
		{DB3257B8-0E71-4DE3-B9FF-96536C7E9912}.Release|Any CPU.Build.0 = Release|iPhone
		{DB3257B8-0E71-4DE3-B9FF-96536C7E9912}.Release|Any CPU.Deploy.0 = Release|iPhone
		{DB3257B8-0E71-4DE3-B9FF-96536C7E9912}.Release|iPhone.ActiveCfg = Release|iPhone
		{DB3257B8-0E71-4DE3-B9FF-96536C7E9912}.Release|iPhone.Build.0 = Release|iPhone
		{DB3257B8-0E71-4DE3-B9FF-96536C7E9912}.Release|iPhone.Deploy.0 = Release|iPhone
		{DB3257B8-0E71-4DE3-B9FF-96536C7E9912}.Release|iPhoneSimulator.ActiveCfg = Release|iPhoneSimulator
		{DB3257B8-0E71-4DE3-B9FF-96536C7E9912}.Release|iPhoneSimulator.Build.0 = Release|iPhoneSimulator
		{DB3257B8-0E71-4DE3-B9FF-96536C7E9912}.Release|iPhoneSimulator.Deploy.0 = Release|iPhoneSimulator
		{20E8B921-83E9-4124-BE17-07508F9CCC87}.Ad-Hoc|Any CPU.ActiveCfg = Debug|Any CPU
		{20E8B921-83E9-4124-BE17-07508F9CCC87}.Ad-Hoc|Any CPU.Build.0 = Debug|Any CPU
		{20E8B921-83E9-4124-BE17-07508F9CCC87}.Ad-Hoc|Any CPU.Deploy.0 = Debug|Any CPU
		{20E8B921-83E9-4124-BE17-07508F9CCC87}.Ad-Hoc|iPhone.ActiveCfg = Debug|Any CPU
		{20E8B921-83E9-4124-BE17-07508F9CCC87}.Ad-Hoc|iPhone.Build.0 = Debug|Any CPU
		{20E8B921-83E9-4124-BE17-07508F9CCC87}.Ad-Hoc|iPhone.Deploy.0 = Debug|Any CPU
		{20E8B921-83E9-4124-BE17-07508F9CCC87}.Ad-Hoc|iPhoneSimulator.ActiveCfg = Debug|Any CPU
		{20E8B921-83E9-4124-BE17-07508F9CCC87}.Ad-Hoc|iPhoneSimulator.Build.0 = Debug|Any CPU
		{20E8B921-83E9-4124-BE17-07508F9CCC87}.Ad-Hoc|iPhoneSimulator.Deploy.0 = Debug|Any CPU
		{20E8B921-83E9-4124-BE17-07508F9CCC87}.AppStore|Any CPU.ActiveCfg = Debug|Any CPU
		{20E8B921-83E9-4124-BE17-07508F9CCC87}.AppStore|Any CPU.Build.0 = Debug|Any CPU
		{20E8B921-83E9-4124-BE17-07508F9CCC87}.AppStore|Any CPU.Deploy.0 = Debug|Any CPU
		{20E8B921-83E9-4124-BE17-07508F9CCC87}.AppStore|iPhone.ActiveCfg = Debug|Any CPU
		{20E8B921-83E9-4124-BE17-07508F9CCC87}.AppStore|iPhone.Build.0 = Debug|Any CPU
		{20E8B921-83E9-4124-BE17-07508F9CCC87}.AppStore|iPhone.Deploy.0 = Debug|Any CPU
		{20E8B921-83E9-4124-BE17-07508F9CCC87}.AppStore|iPhoneSimulator.ActiveCfg = Debug|Any CPU
		{20E8B921-83E9-4124-BE17-07508F9CCC87}.AppStore|iPhoneSimulator.Build.0 = Debug|Any CPU
		{20E8B921-83E9-4124-BE17-07508F9CCC87}.AppStore|iPhoneSimulator.Deploy.0 = Debug|Any CPU
		{20E8B921-83E9-4124-BE17-07508F9CCC87}.Debug|Any CPU.ActiveCfg = Debug|Any CPU
		{20E8B921-83E9-4124-BE17-07508F9CCC87}.Debug|Any CPU.Build.0 = Debug|Any CPU
		{20E8B921-83E9-4124-BE17-07508F9CCC87}.Debug|Any CPU.Deploy.0 = Debug|Any CPU
		{20E8B921-83E9-4124-BE17-07508F9CCC87}.Debug|iPhone.ActiveCfg = Debug|Any CPU
		{20E8B921-83E9-4124-BE17-07508F9CCC87}.Debug|iPhone.Build.0 = Debug|Any CPU
		{20E8B921-83E9-4124-BE17-07508F9CCC87}.Debug|iPhone.Deploy.0 = Debug|Any CPU
		{20E8B921-83E9-4124-BE17-07508F9CCC87}.Debug|iPhoneSimulator.ActiveCfg = Debug|Any CPU
		{20E8B921-83E9-4124-BE17-07508F9CCC87}.Debug|iPhoneSimulator.Build.0 = Debug|Any CPU
		{20E8B921-83E9-4124-BE17-07508F9CCC87}.Debug|iPhoneSimulator.Deploy.0 = Debug|Any CPU
		{20E8B921-83E9-4124-BE17-07508F9CCC87}.Release|Any CPU.ActiveCfg = Release|Any CPU
		{20E8B921-83E9-4124-BE17-07508F9CCC87}.Release|Any CPU.Build.0 = Release|Any CPU
		{20E8B921-83E9-4124-BE17-07508F9CCC87}.Release|Any CPU.Deploy.0 = Release|Any CPU
		{20E8B921-83E9-4124-BE17-07508F9CCC87}.Release|iPhone.ActiveCfg = Release|Any CPU
		{20E8B921-83E9-4124-BE17-07508F9CCC87}.Release|iPhone.Build.0 = Release|Any CPU
		{20E8B921-83E9-4124-BE17-07508F9CCC87}.Release|iPhone.Deploy.0 = Release|Any CPU
		{20E8B921-83E9-4124-BE17-07508F9CCC87}.Release|iPhoneSimulator.ActiveCfg = Release|Any CPU
		{20E8B921-83E9-4124-BE17-07508F9CCC87}.Release|iPhoneSimulator.Build.0 = Release|Any CPU
		{20E8B921-83E9-4124-BE17-07508F9CCC87}.Release|iPhoneSimulator.Deploy.0 = Release|Any CPU
	EndGlobalSection
	GlobalSection(SolutionProperties) = preSolution
		HideSolutionNode = FALSE
	EndGlobalSection
	GlobalSection(ExtensibilityGlobals) = postSolution
		SolutionGuid = {CC06E443-B351-4080-800E-23EE6899885A}
	EndGlobalSection
EndGlobal
